
Microsoft Visual Studio Solution File, Format Version 12.00
# Visual Studio Version 16
VisualStudioVersion = 16.0.29411.108
MinimumVisualStudioVersion = 10.0.40219.1
Project("{8BC9CEB8-8B4A-11D0-8D11-00A0C91BC942}") = "TP4_H20", "TP4_H20\TP4_H20.vcxproj", "{B0E674C7-775E-4D5A-8069-CD1322B34166}"
EndProject
Global
	GlobalSection(SolutionConfigurationPlatforms) = preSolution
		Debug|x64 = Debug|x64
		Debug|x86 = Debug|x86
		Release|x64 = Release|x64
		Release|x86 = Release|x86
	EndGlobalSection
	GlobalSection(ProjectConfigurationPlatforms) = postSolution
		{B0E674C7-775E-4D5A-8069-CD1322B34166}.Debug|x64.ActiveCfg = Debug|x64
		{B0E674C7-775E-4D5A-8069-CD1322B34166}.Debug|x64.Build.0 = Debug|x64
		{B0E674C7-775E-4D5A-8069-CD1322B34166}.Debug|x86.ActiveCfg = Debug|Win32
		{B0E674C7-775E-4D5A-8069-CD1322B34166}.Debug|x86.Build.0 = Debug|Win32
		{B0E674C7-775E-4D5A-8069-CD1322B34166}.Release|x64.ActiveCfg = Release|x64
		{B0E674C7-775E-4D5A-8069-CD1322B34166}.Release|x64.Build.0 = Release|x64
		{B0E674C7-775E-4D5A-8069-CD1322B34166}.Release|x86.ActiveCfg = Release|Win32
		{B0E674C7-775E-4D5A-8069-CD1322B34166}.Release|x86.Build.0 = Release|Win32
	EndGlobalSection
	GlobalSection(SolutionProperties) = preSolution
		HideSolutionNode = FALSE
	EndGlobalSection
	GlobalSection(ExtensibilityGlobals) = postSolution
		SolutionGuid = {D7BAFB60-1BCD-4971-8D99-0EF70029EAB3}
	EndGlobalSection
EndGlobal
