<?xml version="1.0" encoding="utf-8"?>
<Project ToolsVersion="4.0" xmlns="http://schemas.microsoft.com/developer/msbuild/2003">
  <ItemGroup>
    <Filter Include="Source Files">
      <UniqueIdentifier>{4FC737F1-C7A5-4376-A066-2A32D752A2FF}</UniqueIdentifier>
      <Extensions>cpp;c;cc;cxx;def;odl;idl;hpj;bat;asm;asmx</Extensions>
    </Filter>
    <Filter Include="Header Files">
      <UniqueIdentifier>{93995380-89BD-4b04-88EB-625FBE52EBFB}</UniqueIdentifier>
      <Extensions>h;hh;hpp;hxx;hm;inl;inc;ipp;xsd</Extensions>
    </Filter>
    <Filter Include="Resource Files">
      <UniqueIdentifier>{67DA6AB6-F800-4c08-8B7A-83BB121AAD01}</UniqueIdentifier>
      <Extensions>rc;ico;cur;bmp;dlg;rc2;rct;bin;rgs;gif;jpg;jpeg;jpe;resx;tiff;tif;png;wav;mfcribbon-ms</Extensions>
    </Filter>
  </ItemGroup>
  <ItemGroup>
    <ClCompile Include="src\Auteur.cpp">
      <Filter>Source Files</Filter>
    </ClCompile>
    <ClCompile Include="src\Episode.cpp">
      <Filter>Source Files</Filter>
    </ClCompile>
    <ClCompile Include="src\Film.cpp">
      <Filter>Source Files</Filter>
    </ClCompile>
    <ClCompile Include="src\GestionnaireAuteurs.cpp">
      <Filter>Source Files</Filter>
    </ClCompile>
    <ClCompile Include="src\GestionnaireSaisons.cpp">
      <Filter>Source Files</Filter>
    </ClCompile>
    <ClCompile Include="src\Librairie.cpp">
      <Filter>Source Files</Filter>
    </ClCompile>
    <ClCompile Include="src\main.cpp">
      <Filter>Source Files</Filter>
    </ClCompile>
    <ClCompile Include="src\Media.cpp">
      <Filter>Source Files</Filter>
    </ClCompile>
    <ClCompile Include="src\Saison.cpp">
      <Filter>Source Files</Filter>
    </ClCompile>
    <ClCompile Include="src\Serie.cpp">
      <Filter>Source Files</Filter>
    </ClCompile>
    <ClCompile Include="src\Utilisateur.cpp">
      <Filter>Source Files</Filter>
    </ClCompile>
  </ItemGroup>
  <ItemGroup>
    <ClInclude Include="include\Auteur.h">
      <Filter>Header Files</Filter>
    </ClInclude>
    <ClInclude Include="include\debogageMemoire.h">
      <Filter>Header Files</Filter>
    </ClInclude>
    <ClInclude Include="include\Episode.h">
      <Filter>Header Files</Filter>
    </ClInclude>
    <ClInclude Include="include\Film.h">
      <Filter>Header Files</Filter>
    </ClInclude>
    <ClInclude Include="include\GestionnaireAuteurs.h">
      <Filter>Header Files</Filter>
    </ClInclude>
    <ClInclude Include="include\GestionnaireSaisons.h">
      <Filter>Header Files</Filter>
    </ClInclude>
    <ClInclude Include="include\Librairie.h">
      <Filter>Header Files</Filter>
    </ClInclude>
    <ClInclude Include="include\Media.h">
      <Filter>Header Files</Filter>
    </ClInclude>
    <ClInclude Include="include\Pays.h">
      <Filter>Header Files</Filter>
    </ClInclude>
    <ClInclude Include="include\Saison.h">
      <Filter>Header Files</Filter>
    </ClInclude>
    <ClInclude Include="include\Serie.h">
      <Filter>Header Files</Filter>
    </ClInclude>
    <ClInclude Include="include\typesafe_enum.h">
      <Filter>Header Files</Filter>
    </ClInclude>
    <ClInclude Include="include\Utilisateur.h">
      <Filter>Header Files</Filter>
    </ClInclude>
  </ItemGroup>
</Project>